
Microsoft Visual Studio Solution File, Format Version 12.00
# Visual Studio 15
VisualStudioVersion = 15.0.27004.2006
MinimumVisualStudioVersion = 10.0.40219.1
Project("{FAE04EC0-301F-11D3-BF4B-00C04F79EFBC}") = "CasaCodigoVS", "CasaCodigoVS\CasaCodigoVS.csproj", "{DBCE24A5-4F99-4012-AE93-1AF1FDB82665}"
EndProject
Global
	GlobalSection(SolutionConfigurationPlatforms) = preSolution
		Debug|Any CPU = Debug|Any CPU
		Release|Any CPU = Release|Any CPU
	EndGlobalSection
	GlobalSection(ProjectConfigurationPlatforms) = postSolution
		{DBCE24A5-4F99-4012-AE93-1AF1FDB82665}.Debug|Any CPU.ActiveCfg = Debug|Any CPU
		{DBCE24A5-4F99-4012-AE93-1AF1FDB82665}.Debug|Any CPU.Build.0 = Debug|Any CPU
		{DBCE24A5-4F99-4012-AE93-1AF1FDB82665}.Release|Any CPU.ActiveCfg = Release|Any CPU
		{DBCE24A5-4F99-4012-AE93-1AF1FDB82665}.Release|Any CPU.Build.0 = Release|Any CPU
	EndGlobalSection
	GlobalSection(SolutionProperties) = preSolution
		HideSolutionNode = FALSE
	EndGlobalSection
	GlobalSection(ExtensibilityGlobals) = postSolution
		SolutionGuid = {CE105680-48F2-44C4-A112-211769E6F9AE}
	EndGlobalSection
EndGlobal
